[[tools.cargo-binstall]]
version = "1.16.6"
backend = "aqua:cargo-bins/cargo-binstall"
"platforms.linux-arm64" = { checksum = "sha256:b556421835ba67fa98ca1570c85b5511457956b7836ce938b47d3f73899517a3", url = "https://github.com/cargo-bins/cargo-binstall/releases/download/v1.16.6/cargo-binstall-aarch64-unknown-linux-musl.tgz"}
"platforms.linux-x64" = { checksum = "sha256:3225eea8041c30d7462761a481883e3aa8fe31c58def4b6c8dd91b7c80973df0", url = "https://github.com/cargo-bins/cargo-binstall/releases/download/v1.16.6/cargo-binstall-x86_64-unknown-linux-musl.tgz"}
"platforms.macos-arm64" = { checksum = "sha256:30543b378b96fbddabee1edfaccde7914dd2f851f02c560de859f81a21ab665b", url = "https://github.com/cargo-bins/cargo-binstall/releases/download/v1.16.6/cargo-binstall-aarch64-apple-darwin.zip"}
"platforms.macos-x64" = { checksum = "sha256:633dc2f381f7000d8ba3c02eb24b2f290bf0154372bafe8d8094d777f129f21d", url = "https://github.com/cargo-bins/cargo-binstall/releases/download/v1.16.6/cargo-binstall-x86_64-apple-darwin.zip"}
"platforms.windows-x64" = { checksum = "sha256:fca962c3d12ae6192280111074db073c15abad3ba162a1a5a2af0f6f01872114", url = "https://github.com/cargo-bins/cargo-binstall/releases/download/v1.16.6/cargo-binstall-x86_64-pc-windows-msvc.zip"}

[[tools."cargo:cargo-deny"]]
version = "0.19.0"
backend = "cargo:cargo-deny"

[[tools."cargo:cargo-insta"]]
version = "1.46.0"
backend = "cargo:cargo-insta"

[[tools."cargo:cargo-nextest"]]
version = "0.9.120"
backend = "cargo:cargo-nextest"

[[tools."cargo:cargo-zigbuild"]]
version = "0.20.1"
backend = "cargo:cargo-zigbuild"

[[tools."cargo:maturin"]]
version = "1.11.5"
backend = "cargo:maturin"

[[tools.go]]
version = "1.25.6"
backend = "core:go"
"platforms.linux-arm64" = { checksum = "sha256:738ef87d79c34272424ccdf83302b7b0300b8b096ed443896089306117943dd5", url = "https://dl.google.com/go/go1.25.6.linux-arm64.tar.gz"}
"platforms.linux-x64" = { checksum = "sha256:f022b6aad78e362bcba9b0b94d09ad58c5a70c6ba3b7582905fababf5fe0181a", url = "https://dl.google.com/go/go1.25.6.linux-amd64.tar.gz"}
"platforms.macos-arm64" = { checksum = "sha256:984521ae978a5377c7d782fd2dd953291840d7d3d0bd95781a1f32f16d94a006", url = "https://dl.google.com/go/go1.25.6.darwin-arm64.tar.gz"}
"platforms.macos-x64" = { checksum = "sha256:e2b5b237f5c262931b8e280ac4b8363f156e19bfad5270c099998932819670b7", url = "https://dl.google.com/go/go1.25.6.darwin-amd64.tar.gz"}
"platforms.windows-x64" = { checksum = "sha256:19b4733b727ba5c611b5656187f3ac367d278d64c3d4199a845e39c0fdac5335", url = "https://dl.google.com/go/go1.25.6.windows-amd64.zip"}

[[tools.ruff]]
version = "0.14.13"
backend = "aqua:astral-sh/ruff"
"platforms.linux-arm64" = { checksum = "sha256:25941b777ff712f4d9473d26c1b875034214a3d5de20ea99b2add939dcd0b367", url = "https://github.com/astral-sh/ruff/releases/download/0.14.13/ruff-aarch64-unknown-linux-musl.tar.gz"}
"platforms.linux-x64" = { checksum = "sha256:2fe394f493318551f271277a2228e56b31ca69a4842483e5709af4548f342bc3", url = "https://github.com/astral-sh/ruff/releases/download/0.14.13/ruff-x86_64-unknown-linux-musl.tar.gz"}
"platforms.macos-arm64" = { checksum = "sha256:067d1a90da8add55614eff91990425883a092d8279d9e503258ff8be0f8e9c18", url = "https://github.com/astral-sh/ruff/releases/download/0.14.13/ruff-aarch64-apple-darwin.tar.gz"}
"platforms.macos-x64" = { checksum = "sha256:69e424a42ac3a7c6c7032ad96deb757c35c93c848b6ea329a3f4c605e6d89ef9", url = "https://github.com/astral-sh/ruff/releases/download/0.14.13/ruff-x86_64-apple-darwin.tar.gz"}
"platforms.windows-x64" = { checksum = "sha256:d2af4376053458f283d74980b49dc0d61d3ef9d9b8684c5b25bd64b73e11634a", url = "https://github.com/astral-sh/ruff/releases/download/0.14.13/ruff-x86_64-pc-windows-msvc.zip"}

[[tools.rust]]
version = "1.93.0"
backend = "core:rust"

[[tools.ty]]
version = "0.0.10"
backend = "aqua:astral-sh/ty"
"platforms.linux-arm64" = { checksum = "sha256:43b3ceb655a8f6362733c3e3097aadba21b0077cb8ccc4873b6e187c083bd605", url = "https://github.com/astral-sh/ty/releases/download/0.0.10/ty-aarch64-unknown-linux-musl.tar.gz"}
"platforms.linux-x64" = { checksum = "sha256:870e0f634d740df2a543dc977d68cae9bb073f1e70da93278b78622962a51189", url = "https://github.com/astral-sh/ty/releases/download/0.0.10/ty-x86_64-unknown-linux-musl.tar.gz"}
"platforms.macos-arm64" = { checksum = "sha256:5c256844da0401534908535d3c744ffb28db823e2e21ebc2aa45fa4b0599f6f5", url = "https://github.com/astral-sh/ty/releases/download/0.0.10/ty-aarch64-apple-darwin.tar.gz"}
"platforms.macos-x64" = { checksum = "sha256:eb839e72d317e381ad7c5804d61a6098b041b0b7bd0a207f429b8bfe9f445be0", url = "https://github.com/astral-sh/ty/releases/download/0.0.10/ty-x86_64-apple-darwin.tar.gz"}
"platforms.windows-x64" = { checksum = "sha256:d7cd33adf0113decee579fbf31f58b55e44195571043b22ed0e653bf60062d4a", url = "https://github.com/astral-sh/ty/releases/download/0.0.10/ty-x86_64-pc-windows-msvc.zip"}

[[tools.uv]]
version = "0.9.26"
backend = "aqua:astral-sh/uv"
"platforms.linux-arm64" = { checksum = "sha256:ba8698c36c00c22efed4bd3506339b03c95604d001f02eaf6fbc814c9224d801", url = "https://github.com/astral-sh/uv/releases/download/0.9.26/uv-aarch64-unknown-linux-musl.tar.gz"}
"platforms.linux-x64" = { checksum = "sha256:708b752876aeeb753257e1d55470569789e465684c1d3bc1760db26360b6c28b", url = "https://github.com/astral-sh/uv/releases/download/0.9.26/uv-x86_64-unknown-linux-musl.tar.gz"}
"platforms.macos-arm64" = { checksum = "sha256:fcf0a9ea6599c6ae28a4c854ac6da76f2c889354d7c36ce136ef071f7ab9721f", url = "https://github.com/astral-sh/uv/releases/download/0.9.26/uv-aarch64-apple-darwin.tar.gz"}
"platforms.macos-x64" = { checksum = "sha256:171eb8c518313e157c5b4cec7b4f743bc6bab1bd23e09b646679a02d096a047f", url = "https://github.com/astral-sh/uv/releases/download/0.9.26/uv-x86_64-apple-darwin.tar.gz"}
"platforms.windows-x64" = { checksum = "sha256:eb02fd95d8e0eed462b4a67ecdd320d865b38c560bffcda9a0b87ec944bdf036", url = "https://github.com/astral-sh/uv/releases/download/0.9.26/uv-x86_64-pc-windows-msvc.zip"}

[[tools.zig]]
version = "0.15.2"
backend = "core:zig"
"platforms.linux-arm64" = { checksum = "sha256:958ed7d1e00d0ea76590d27666efbf7a932281b3d7ba0c6b01b0ff26498f667f", url = "https://ziglang.org/download/0.15.2/zig-aarch64-linux-0.15.2.tar.xz"}
"platforms.linux-x64" = { checksum = "sha256:02aa270f183da276e5b5920b1dac44a63f1a49e55050ebde3aecc9eb82f93239", url = "https://ziglang.org/download/0.15.2/zig-x86_64-linux-0.15.2.tar.xz"}
"platforms.macos-arm64" = { checksum = "sha256:3cc2bab367e185cdfb27501c4b30b1b0653c28d9f73df8dc91488e66ece5fa6b", url = "https://ziglang.org/download/0.15.2/zig-aarch64-macos-0.15.2.tar.xz"}
"platforms.macos-x64" = { checksum = "sha256:375b6909fc1495d16fc2c7db9538f707456bfc3373b14ee83fdd3e22b3d43f7f", url = "https://ziglang.org/download/0.15.2/zig-x86_64-macos-0.15.2.tar.xz"}
"platforms.windows-x64" = { checksum = "sha256:3a0ed1e8799a2f8ce2a6e6290a9ff22e6906f8227865911fb7ddedc3cc14cb0c", url = "https://ziglang.org/download/0.15.2/zig-x86_64-windows-0.15.2.zip"}
