[[tools.go]]
version = "1.25.5"
backend = "core:go"
"platforms.linux-arm64" = { checksum = "sha256:b00b694903d126c588c378e72d3545549935d3982635ba3f7a964c9fa23fe3b9", url = "https://dl.google.com/go/go1.25.5.linux-arm64.tar.gz"}
"platforms.linux-x64" = { checksum = "sha256:9e9b755d63b36acf30c12a9a3fc379243714c1c6d3dd72861da637f336ebb35b", url = "https://dl.google.com/go/go1.25.5.linux-amd64.tar.gz"}
"platforms.macos-arm64" = { checksum = "sha256:bed8ebe824e3d3b27e8471d1307f803fc6ab8e1d0eb7a4ae196979bd9b801dd3", url = "https://dl.google.com/go/go1.25.5.darwin-arm64.tar.gz"}
"platforms.macos-x64" = { checksum = "sha256:b69d51bce599e5381a94ce15263ae644ec84667a5ce23d58dc2e63e2c12a9f56", url = "https://dl.google.com/go/go1.25.5.darwin-amd64.tar.gz"}
"platforms.windows-x64" = { checksum = "sha256:ae756cce1cb80c819b4fe01b0353807178f532211b47f72d7fa77949de054ebb", url = "https://dl.google.com/go/go1.25.5.windows-amd64.zip"}

[[tools.uv]]
version = "0.9.24"
backend = "aqua:astral-sh/uv"
"platforms.linux-arm64" = { checksum = "sha256:b16359904ede857b90b68168f10b0f6bf500858df9bed4e7156dbc59fd3f0747", url = "https://github.com/astral-sh/uv/releases/download/0.9.24/uv-aarch64-unknown-linux-musl.tar.gz"}
"platforms.linux-x64" = { checksum = "sha256:cf307aa4271038daa334ca64e75aa40c0c085ce6fa0c0e6f21e41a2b62c7904d", url = "https://github.com/astral-sh/uv/releases/download/0.9.24/uv-x86_64-unknown-linux-musl.tar.gz"}
"platforms.macos-arm64" = { checksum = "sha256:89661d9a16682197086df54bb43d0b03e58e23d4d9360fc8c6c0166f2828fd71", url = "https://github.com/astral-sh/uv/releases/download/0.9.24/uv-aarch64-apple-darwin.tar.gz"}
"platforms.macos-x64" = { checksum = "sha256:fda9b3203cce6ec3a37177440c33c4c1963c4957fff17e2820c60ab6ccd625da", url = "https://github.com/astral-sh/uv/releases/download/0.9.24/uv-x86_64-apple-darwin.tar.gz"}
"platforms.windows-x64" = { checksum = "sha256:cf9d6fa12017199d19c6f9a8f7f55811c8c04d70681b8cb6d89ffb179f08cf1f", url = "https://github.com/astral-sh/uv/releases/download/0.9.24/uv-x86_64-pc-windows-msvc.zip"}
