{
  "version": "1",
  "created": "2026-02-02T20:44:05.123375Z",
  "files": [
    {
      "name": "weights-001.bin",
      "dest": "/cache/weights-001.bin",
      "source": "file://my-weights/weights-001.bin",
      "digestOriginal": "sha256:adc5a70219771945a2a5e5da5501d7d43bf0afecc9581a36fa82eab9446da82c",
      "digest": "sha256:90fe400c952a755159e41c739f568bd97080eecd4a81be8f5a5892a903a4035f",
      "size": 29516433,
      "sizeUncompressed": 29507405,
      "mediaType": "application/vnd.cog.weights.layer.v1+gzip",
      "contentType": "application/octet-stream"
    },
    {
      "name": "weights-002.bin",
      "dest": "/cache/weights-002.bin",
      "source": "file://my-weights/weights-002.bin",
      "digestOriginal": "sha256:27c4f6dae8be9e2e4e0c0bc248dae6d21739b69f2f5efe9b7f89328f333a61a5",
      "digest": "sha256:de7cf4fa1bc9beae08c8e086a525456b9d368a67995c7884f53674f3f655c570",
      "size": 49723828,
      "sizeUncompressed": 49708635,
      "mediaType": "application/vnd.cog.weights.layer.v1+gzip",
      "contentType": "application/octet-stream"
    },
    {
      "name": "weights-003.bin",
      "dest": "/cache/weights-003.bin",
      "source": "file://my-weights/weights-003.bin",
      "digestOriginal": "sha256:ff16405bf605232a846e6872fccda820ad70b7fe2af3b89832eb807ae241e2f6",
      "digest": "sha256:795c383fac6e82296aff4fabb85532d5be9d2f0f88331c7acf22ccf8995b3af9",
      "size": 30000057,
      "sizeUncompressed": 29990879,
      "mediaType": "application/vnd.cog.weights.layer.v1+gzip",
      "contentType": "application/octet-stream"
    }
  ]
}