# This file is automatically @generated by Cargo.
# It is not intended for manual editing.
version = 4

[[package]]
name = "coglet"
version = "0.1.0"
dependencies = [
 "coglet-core",
 "coglet-http",
]

[[package]]
name = "coglet-core"
version = "0.1.0"

[[package]]
name = "coglet-http"
version = "0.1.0"
dependencies = [
 "coglet-core",
]

[[package]]
name = "coglet-python"
version = "0.1.0"
